
Microsoft Visual Studio Solution File, Format Version 12.00
# Visual Studio Version 17
VisualStudioVersion = 17.5.33530.505
MinimumVisualStudioVersion = 10.0.40219.1
Project("{FAE04EC0-301F-11D3-BF4B-00C04F79EFBC}") = "FarmaSteticM.Android", "FarmaSteticM.Android\FarmaSteticM.Android.csproj", "{382DF635-1C4A-404F-A467-989FAD7CC953}"
EndProject
Project("{FAE04EC0-301F-11D3-BF4B-00C04F79EFBC}") = "FarmaSteticM", "FarmaSteticM\FarmaSteticM.csproj", "{F51590DA-FA20-4CB5-9ED5-3EC36932F974}"
EndProject
Global
	GlobalSection(SolutionConfigurationPlatforms) = preSolution
		Debug|Any CPU = Debug|Any CPU
		Release|Any CPU = Release|Any CPU
	EndGlobalSection
	GlobalSection(ProjectConfigurationPlatforms) = postSolution
		{382DF635-1C4A-404F-A467-989FAD7CC953}.Debug|Any CPU.ActiveCfg = Debug|Any CPU
		{382DF635-1C4A-404F-A467-989FAD7CC953}.Debug|Any CPU.Build.0 = Debug|Any CPU
		{382DF635-1C4A-404F-A467-989FAD7CC953}.Debug|Any CPU.Deploy.0 = Debug|Any CPU
		{382DF635-1C4A-404F-A467-989FAD7CC953}.Release|Any CPU.ActiveCfg = Release|Any CPU
		{382DF635-1C4A-404F-A467-989FAD7CC953}.Release|Any CPU.Build.0 = Release|Any CPU
		{382DF635-1C4A-404F-A467-989FAD7CC953}.Release|Any CPU.Deploy.0 = Release|Any CPU
		{F51590DA-FA20-4CB5-9ED5-3EC36932F974}.Debug|Any CPU.ActiveCfg = Debug|Any CPU
		{F51590DA-FA20-4CB5-9ED5-3EC36932F974}.Debug|Any CPU.Build.0 = Debug|Any CPU
		{F51590DA-FA20-4CB5-9ED5-3EC36932F974}.Debug|Any CPU.Deploy.0 = Debug|Any CPU
		{F51590DA-FA20-4CB5-9ED5-3EC36932F974}.Release|Any CPU.ActiveCfg = Release|Any CPU
		{F51590DA-FA20-4CB5-9ED5-3EC36932F974}.Release|Any CPU.Build.0 = Release|Any CPU
		{F51590DA-FA20-4CB5-9ED5-3EC36932F974}.Release|Any CPU.Deploy.0 = Release|Any CPU
	EndGlobalSection
	GlobalSection(SolutionProperties) = preSolution
		HideSolutionNode = FALSE
	EndGlobalSection
	GlobalSection(ExtensibilityGlobals) = postSolution
		SolutionGuid = {F52FCBB9-49C9-4609-8CB2-884C102A74E1}
	EndGlobalSection
EndGlobal
